set_global_assignment -name FAMILY "Cyclone IV E"
set_global_assignment -name DEVICE EP4CE6E22C8
set_global_assignment -name TOP_LEVEL_ENTITY rasterizer_benchmark
set_global_assignment -name SYSTEMVERILOG_FILE rasterizer_benchmark.sv
set_global_assignment -name SYSTEMVERILOG_FILE ../../original_version/rtl/rasterizer.sv
set_global_assignment -name SYSTEMVERILOG_FILE ../../original_version/rtl/screen_mem.sv
set_global_assignment -name SDC_FILE rasterizer_benchmark.sdc
set_global_assignment -name PROJECT_OUTPUT_DIRECTORY output_files
set_global_assignment -name NUM_PARALLEL_PROCESSORS 10
set_global_assignment -name OPTIMIZATION_MODE "HIGH PERFORMANCE EFFORT"

set_global_assignment -name LAST_QUARTUS_VERSION "25.1std.0 Lite Edition"
set_global_assignment -name PARTITION_NETLIST_TYPE SOURCE -section_id Top
set_global_assignment -name PARTITION_FITTER_PRESERVATION_LEVEL PLACEMENT_AND_ROUTING -section_id Top
set_global_assignment -name PARTITION_COLOR 16764057 -section_id Top

set_instance_assignment -name PARTITION_HIERARCHY root_partition -to | -section_id Top