# =====================================================================
# Pin constraints for raster_top on the DueProLogic (EarthPeopleTechnology)
# Cyclone IV board, FPGA part EP4CE6E22C8.
#
# Sources for these assignments: DueProLogic official user manual
# (DPL_FPGA_DEV_SYS_UM.pdf), verbatim pin tables for the oscillators,
# pushbuttons, and PMOD headers. The manual does NOT include the full
# 54-pin GPIO header table (it defers to a separate "Data Sheet" that
# wasn't located) -- so all touch/display signals here are routed
# through the two PMOD connectors instead, since those are the only
# GPIO pins with an unambiguous, fully-documented pin table.
#
# KNOWN CAVEAT: the manual's pushbutton table (SW1/SW2 -> PIN_91/PIN_90)
# lists the SAME two pin numbers as its slide-switch table -- almost
# certainly a copy-paste error in the vendor doc. Double-check PIN_91
# against the actual DueProLogic schematic (not just this manual)
# before relying on it as rst_n. The polarity assumption (active-low,
# pulled high through 10K, grounded when pressed) matches this design's
# rst_n either way.
# =====================================================================

set_global_assignment -name FAMILY "Cyclone IV E"
set_global_assignment -name DEVICE EP4CE6E22C8
set_global_assignment -name TOP_LEVEL_ENTITY raster_top

# ---------------------------------------------------------------------
# Clock and reset
# ---------------------------------------------------------------------
# 66MHz onboard oscillator (net name 66MHZ_CLK in the manual).
# The 100MHz oscillator (PIN_88) is also available as an alternate if
# you want a faster clock later -- this design's logic doesn't depend
# on a specific frequency (all timing is in clock cycles, not real
# time, except display_driver's RESET_HOLD_CYCLES/SETTLE_HOLD_CYCLES
# parameters, which would need retuning if you switch clock source).
set_location_assignment PIN_23 -to clk
set_instance_assignment -name IO_STANDARD "3.3-V LVTTL" -to clk

# SW1 pushbutton: momentary ground when pressed, pulled high (10K)
# when idle -- directly matches this design's active-low rst_n.
set_location_assignment PIN_91 -to rst_n
set_instance_assignment -name IO_STANDARD "3.3-V LVTTL" -to rst_n

# ---------------------------------------------------------------------
# Touch controller (XPT2046) -- PMOD1, pins 1-1 through 1-7
# ---------------------------------------------------------------------
set_location_assignment PIN_121 -to T_CS
set_location_assignment PIN_124 -to T_DIN
set_location_assignment PIN_125 -to T_CLK
set_location_assignment PIN_126 -to T_DO
set_location_assignment PIN_120 -to T_IRQ

set_instance_assignment -name IO_STANDARD "3.3-V LVTTL" -to T_CS
set_instance_assignment -name IO_STANDARD "3.3-V LVTTL" -to T_DIN
set_instance_assignment -name IO_STANDARD "3.3-V LVTTL" -to T_CLK
set_instance_assignment -name IO_STANDARD "3.3-V LVTTL" -to T_DO
set_instance_assignment -name IO_STANDARD "3.3-V LVTTL" -to T_IRQ

# ---------------------------------------------------------------------
# Display controller (ILI9341) -- remaining PMOD1 pins (1-8, 1-9, 1-10)
# plus PMOD2 pins 2-1, 2-2, 2-3
# ---------------------------------------------------------------------
set_location_assignment PIN_119 -to CS
set_location_assignment PIN_115 -to RESET
set_location_assignment PIN_114 -to DC
set_location_assignment PIN_67  -to SDI
set_location_assignment PIN_66  -to SCK
set_location_assignment PIN_53  -to LED

set_instance_assignment -name IO_STANDARD "3.3-V LVTTL" -to CS
set_instance_assignment -name IO_STANDARD "3.3-V LVTTL" -to RESET
set_instance_assignment -name IO_STANDARD "3.3-V LVTTL" -to DC
set_instance_assignment -name IO_STANDARD "3.3-V LVTTL" -to SDI
set_instance_assignment -name IO_STANDARD "3.3-V LVTTL" -to SCK
set_instance_assignment -name IO_STANDARD "3.3-V LVTTL" -to LED

# ---------------------------------------------------------------------
# Spare PMOD2 pins (2-4, 2-7, 2-8, 2-9, 2-10), not used by this design:
# PIN_52, PIN_55, PIN_54, PIN_69, PIN_70
# ---------------------------------------------------------------------

set_global_assignment -name LAST_QUARTUS_VERSION "25.1std.0 Lite Edition"
set_global_assignment -name PROJECT_OUTPUT_DIRECTORY output_files
set_global_assignment -name MIN_CORE_JUNCTION_TEMP 0
set_global_assignment -name MAX_CORE_JUNCTION_TEMP 85
set_global_assignment -name ERROR_CHECK_FREQUENCY_DIVISOR 1
set_global_assignment -name NOMINAL_CORE_SUPPLY_VOLTAGE 1.2V
set_global_assignment -name EDA_SIMULATION_TOOL "Questa Altera FPGA (Verilog)"
set_global_assignment -name EDA_TIME_SCALE "1 ps" -section_id eda_simulation
set_global_assignment -name EDA_OUTPUT_DATA_FORMAT "VERILOG HDL" -section_id eda_simulation
set_global_assignment -name EDA_GENERATE_FUNCTIONAL_NETLIST OFF -section_id eda_board_design_timing
set_global_assignment -name EDA_GENERATE_FUNCTIONAL_NETLIST OFF -section_id eda_board_design_symbol
set_global_assignment -name EDA_GENERATE_FUNCTIONAL_NETLIST OFF -section_id eda_board_design_signal_integrity
set_global_assignment -name EDA_GENERATE_FUNCTIONAL_NETLIST OFF -section_id eda_board_design_boundary_scan
set_global_assignment -name PARTITION_NETLIST_TYPE SOURCE -section_id Top
set_global_assignment -name PARTITION_FITTER_PRESERVATION_LEVEL PLACEMENT_AND_ROUTING -section_id Top
set_global_assignment -name PARTITION_COLOR 16764057 -section_id Top
set_global_assignment -name SDC_FILE raster_top.sdc
set_global_assignment -name SYSTEMVERILOG_FILE ../rtl/touchscreen_interface.sv
set_global_assignment -name SYSTEMVERILOG_FILE ../rtl/screen_mem.sv
set_global_assignment -name SYSTEMVERILOG_FILE ../rtl/rasterizer.sv
set_global_assignment -name SYSTEMVERILOG_FILE ../rtl/raster_top.sv
set_global_assignment -name SYSTEMVERILOG_FILE ../rtl/display_interface.sv
set_global_assignment -name SYSTEMVERILOG_FILE ../rtl/display_driver.sv
set_global_assignment -name SYSTEMVERILOG_FILE ../rtl/cmd_processor.sv
set_global_assignment -name POWER_PRESET_COOLING_SOLUTION "23 MM HEAT SINK WITH 200 LFPM AIRFLOW"
set_global_assignment -name POWER_BOARD_THERMAL_MODEL "NONE (CONSERVATIVE)"
set_instance_assignment -name PARTITION_HIERARCHY root_partition -to | -section_id Top